
Microsoft Visual Studio Solution File, Format Version 12.00
# Visual Studio 2013
VisualStudioVersion = 12.0.30723.0
MinimumVisualStudioVersion = 10.0.40219.1
Project("{FAE04EC0-301F-11D3-BF4B-00C04F79EFBC}") = "AzureWebApps", "AzureWebApps\AzureWebApps.csproj", "{A25CE408-21A9-4305-A445-21588AA98FF6}"
EndProject
Project("{FAE04EC0-301F-11D3-BF4B-00C04F79EFBC}") = "AzureWebApps.Tests", "AzureWebApps.Tests\AzureWebApps.Tests.csproj", "{40170834-56CB-4100-8FF0-F91C5CBE2EAE}"
EndProject
Global
	GlobalSection(TeamFoundationVersionControl) = preSolution
		SccNumberOfProjects = 3
		SccEnterpriseProvider = {4CA58AB2-18FA-4F8D-95D4-32DDF27D184C}
		SccTeamFoundationServer = https://self-practices.visualstudio.com/defaultcollection
		SccLocalPath0 = .
		SccProjectUniqueName1 = AzureWebApps.Tests\\AzureWebApps.Tests.csproj
		SccProjectName1 = AzureWebApps.Tests
		SccLocalPath1 = AzureWebApps.Tests
		SccProjectUniqueName2 = AzureWebApps\\AzureWebApps.csproj
		SccProjectName2 = AzureWebApps
		SccLocalPath2 = AzureWebApps
	EndGlobalSection
	GlobalSection(SolutionConfigurationPlatforms) = preSolution
		Debug|Any CPU = Debug|Any CPU
		Release|Any CPU = Release|Any CPU
	EndGlobalSection
	GlobalSection(ProjectConfigurationPlatforms) = postSolution
		{A25CE408-21A9-4305-A445-21588AA98FF6}.Debug|Any CPU.ActiveCfg = Debug|Any CPU
		{A25CE408-21A9-4305-A445-21588AA98FF6}.Debug|Any CPU.Build.0 = Debug|Any CPU
		{A25CE408-21A9-4305-A445-21588AA98FF6}.Release|Any CPU.ActiveCfg = Release|Any CPU
		{A25CE408-21A9-4305-A445-21588AA98FF6}.Release|Any CPU.Build.0 = Release|Any CPU
		{40170834-56CB-4100-8FF0-F91C5CBE2EAE}.Debug|Any CPU.ActiveCfg = Debug|Any CPU
		{40170834-56CB-4100-8FF0-F91C5CBE2EAE}.Debug|Any CPU.Build.0 = Debug|Any CPU
		{40170834-56CB-4100-8FF0-F91C5CBE2EAE}.Release|Any CPU.ActiveCfg = Release|Any CPU
		{40170834-56CB-4100-8FF0-F91C5CBE2EAE}.Release|Any CPU.Build.0 = Release|Any CPU
	EndGlobalSection
	GlobalSection(SolutionProperties) = preSolution
		HideSolutionNode = FALSE
	EndGlobalSection
EndGlobal
